github.com/GeertJohan/go.incremental v1.0.0/go.mod h1:6fAjUhbVuX1KcMD3c8TEgVUqmo4seqhv0i0kdATSkM0=
github.com/GeertJohan/go.rice v1.0.3 h1:k5viR+xGtIhF61125vCE1cmJ5957RQGXG6dmbaWZSmI=
github.com/GeertJohan/go.rice v1.0.3/go.mod h1:XVdrU4pW00M4ikZed5q56tPf1v2KwnIKeIdc9CBYNt4=
github.com/akavel/rsrc v0.8.0/go.mod h1:uLoCtb9J+EyAqh+26kdrTgmzRBFPGOolLWKpdxkKq+c=
github.com/daaku/go.zipexe v1.0.2 h1:Zg55YLYTr7M9wjKn8SY/WcpuuEi+kR2u4E8RhvpyXmk=
github.com/daaku/go.zipexe v1.0.2/go.mod h1:5xWogtqlYnfBXkSB1o9xysukNP9GTvaNkqzUZbt3Bw8=
github.com/davecgh/go-spew v1.1.1/go.mod h1:J7Y8YcW2NihsgmVo/mv3lAwl/skON4iLHjSsI+c5H38=
github.com/gorilla/mux v1.8.1 h1:TuBL49tXwgrFYWhqrNgrUNEY92u81SPhu7sTdzQEiWY=
github.com/gorilla/mux v1.8.1/go.mod h1:AKf9I4AEqPTmMytcMc0KkNouC66V3BtZ4qD5fmWSiMQ=
github.com/gorilla/websocket v1.5.1 h1:gmztn0JnHVt9JZquRuzLw3g4wouNVzKL15iLr/zn/QY=
github.com/gorilla/websocket v1.5.1/go.mod h1:x3kM2JMyaluk02fnUJpQuwD2dCS5NDG2ZHL0uE0tcaY=
github.com/graarh/golang-socketio v0.0.0-20170510162725-2c44953b9b5f h1:utzdm9zUvVWGRtIpkdE4+36n+Gv60kNb7mFvgGxLElY=
github.com/graarh/golang-socketio v0.0.0-20170510162725-2c44953b9b5f/go.mod h1:8gudiNCFh3ZfvInknmoXzPeV17FSH+X2J5k2cUPIwnA=
github.com/jessevdk/go-flags v1.4.0/go.mod h1:4FA24M0QyGHXBuZZK/XkWh8h0e1EYbRYJSGM75WSRxI=
github.com/nkovacs/streamquote v1.0.0/go.mod h1:BN+NaZ2CmdKqUuTUXUEm9j95B2TRbpOWpxbJYzzgUsc=
github.com/valyala/bytebufferpool v1.0.0/go.mod h1:6bBcMArwyJ5K/AmCkWv1jt77kVWyCJ6HpOuEn7z0Csc=
github.com/valyala/fasttemplate v1.0.1/go.mod h1:UQGH1tvbgY+Nz5t2n7tXsz52dQxojPUpymEIMZ47gx8=
golang.org/x/net v0.17.0 h1:pVaXccu2ozPjCXewfr1S7xza/zcXTity9cCdXQYSjIM=
golang.org/x/net v0.17.0/go.mod h1:NxSsAGuq816PNPmqtQdLE42eU2Fs7NoRIZrHJAlaCOE=
